
Microsoft Visual Studio Solution File, Format Version 12.00
# Visual Studio 15
Project("{FAE04EC0-301F-11D3-BF4B-00C04F79EFBC}") = "Assembly-CSharp", "Assembly-CSharp.csproj", "{52D0A429-A427-3A41-D6A5-3CC2944445CE}"
EndProject
Global
	GlobalSection(SolutionConfigurationPlatforms) = preSolution
		Debug|Any CPU = Debug|Any CPU
		Release|Any CPU = Release|Any CPU
	EndGlobalSection
	GlobalSection(ProjectConfigurationPlatforms) = postSolution
		{52D0A429-A427-3A41-D6A5-3CC2944445CE}.Debug|Any CPU.ActiveCfg = Debug|Any CPU
		{52D0A429-A427-3A41-D6A5-3CC2944445CE}.Debug|Any CPU.Build.0 = Debug|Any CPU
		{52D0A429-A427-3A41-D6A5-3CC2944445CE}.Release|Any CPU.ActiveCfg = Release|Any CPU
		{52D0A429-A427-3A41-D6A5-3CC2944445CE}.Release|Any CPU.Build.0 = Release|Any CPU
	EndGlobalSection
	GlobalSection(SolutionProperties) = preSolution
		HideSolutionNode = FALSE
	EndGlobalSection
EndGlobal
